Microsoft Visual Studio Solution File, Format Version 12.00
# Visual Studio Version 17
VisualStudioVersion = 17.5.2.0
MinimumVisualStudioVersion = 10.0.40219.1
Project("{2150E333-8FDC-42A3-9474-1A3956D46DE8}") = "casabot", "casabot", "{50366B7A-1088-0ABB-1E6D-EB082CD70D48}"
EndProject
Project("{FAE04EC0-301F-11D3-BF4B-00C04F79EFBC}") = "CasaBot", "casabot\src\CasaBot.csproj", "{F6C649B7-7B1A-9ED5-F86F-CC55186B97CF}"
EndProject
Global
	GlobalSection(SolutionConfigurationPlatforms) = preSolution
		Debug|Any CPU = Debug|Any CPU
		Release|Any CPU = Release|Any CPU
	EndGlobalSection
	GlobalSection(ProjectConfigurationPlatforms) = postSolution
		{F6C649B7-7B1A-9ED5-F86F-CC55186B97CF}.Debug|Any CPU.ActiveCfg = Debug|Any CPU
		{F6C649B7-7B1A-9ED5-F86F-CC55186B97CF}.Debug|Any CPU.Build.0 = Debug|Any CPU
		{F6C649B7-7B1A-9ED5-F86F-CC55186B97CF}.Release|Any CPU.ActiveCfg = Release|Any CPU
		{F6C649B7-7B1A-9ED5-F86F-CC55186B97CF}.Release|Any CPU.Build.0 = Release|Any CPU
	EndGlobalSection
	GlobalSection(SolutionProperties) = preSolution
		HideSolutionNode = FALSE
	EndGlobalSection
	GlobalSection(NestedProjects) = preSolution
		{F6C649B7-7B1A-9ED5-F86F-CC55186B97CF} = {50366B7A-1088-0ABB-1E6D-EB082CD70D48}
	EndGlobalSection
	GlobalSection(ExtensibilityGlobals) = postSolution
		SolutionGuid = {86B3B001-B49C-48B2-B058-3AB1155BA877}
	EndGlobalSection
EndGlobal
